
Microsoft Visual Studio Solution File, Format Version 12.00
# Visual Studio Version 17
VisualStudioVersion = 17.6.33801.468
MinimumVisualStudioVersion = 10.0.40219.1
Project("{FAE04EC0-301F-11D3-BF4B-00C04F79EFBC}") = "MVCForSpeed", "MVCForSpeed.csproj", "{F045F8DA-F513-4298-A84F-AC43912B8B57}"
EndProject
Global
	GlobalSection(SolutionConfigurationPlatforms) = preSolution
		Debug|Any CPU = Debug|Any CPU
		Release|Any CPU = Release|Any CPU
	EndGlobalSection
	GlobalSection(ProjectConfigurationPlatforms) = postSolution
		{F045F8DA-F513-4298-A84F-AC43912B8B57}.Debug|Any CPU.ActiveCfg = Debug|Any CPU
		{F045F8DA-F513-4298-A84F-AC43912B8B57}.Debug|Any CPU.Build.0 = Debug|Any CPU
		{F045F8DA-F513-4298-A84F-AC43912B8B57}.Release|Any CPU.ActiveCfg = Release|Any CPU
		{F045F8DA-F513-4298-A84F-AC43912B8B57}.Release|Any CPU.Build.0 = Release|Any CPU
	EndGlobalSection
	GlobalSection(SolutionProperties) = preSolution
		HideSolutionNode = FALSE
	EndGlobalSection
	GlobalSection(ExtensibilityGlobals) = postSolution
		SolutionGuid = {8E9EA9E9-1879-419C-8555-E44D16E4D8C9}
	EndGlobalSection
EndGlobal
